
Microsoft Visual Studio Solution File, Format Version 12.00
# Visual Studio Version 17
VisualStudioVersion = 17.12.35506.116
MinimumVisualStudioVersion = 10.0.40219.1
Project("{FAE04EC0-301F-11D3-BF4B-00C04F79EFBC}") = "BlazorApp1", "BlazorApp1.csproj", "{F011EA6E-018E-4DFC-92D8-91848F51813D}"
EndProject
Global
	GlobalSection(SolutionConfigurationPlatforms) = preSolution
		Debug|Any CPU = Debug|Any CPU
		Release|Any CPU = Release|Any CPU
	EndGlobalSection
	GlobalSection(ProjectConfigurationPlatforms) = postSolution
		{F011EA6E-018E-4DFC-92D8-91848F51813D}.Debug|Any CPU.ActiveCfg = Debug|Any CPU
		{F011EA6E-018E-4DFC-92D8-91848F51813D}.Debug|Any CPU.Build.0 = Debug|Any CPU
		{F011EA6E-018E-4DFC-92D8-91848F51813D}.Release|Any CPU.ActiveCfg = Release|Any CPU
		{F011EA6E-018E-4DFC-92D8-91848F51813D}.Release|Any CPU.Build.0 = Release|Any CPU
	EndGlobalSection
	GlobalSection(SolutionProperties) = preSolution
		HideSolutionNode = FALSE
	EndGlobalSection
EndGlobal
